
Microsoft Visual Studio Solution File, Format Version 12.00
# Visual Studio Version 17
VisualStudioVersion = 17.10.34916.146
MinimumVisualStudioVersion = 10.0.40219.1
Project("{FAE04EC0-301F-11D3-BF4B-00C04F79EFBC}") = "HotelBookingApp.Server", "HotelBookingApp.Server\HotelBookingApp.Server.csproj", "{9DE30203-533E-488E-8B9C-DBE9D3757491}"
EndProject
Project("{54A90642-561A-4BB1-A94E-469ADEE60C69}") = "hotelbookingapp.client", "hotelbookingapp.client\hotelbookingapp.client.esproj", "{2C865EFC-DEE4-4C98-83A6-8ABC10DF4368}"
EndProject
Project("{FAE04EC0-301F-11D3-BF4B-00C04F79EFBC}") = "HotelBookingApp.Model", "HotelBookingApp.Model\HotelBookingApp.Model.csproj", "{D0839F91-4283-4244-AC2F-168AA1D41B17}"
EndProject
Project("{FAE04EC0-301F-11D3-BF4B-00C04F79EFBC}") = "HotelBookingApp.View", "HotelBookingApp.View\HotelBookingApp.View.csproj", "{471A3A39-8B4D-4ED1-B35C-0B89C4BC2442}"
EndProject
Global
	GlobalSection(SolutionConfigurationPlatforms) = preSolution
		Debug|Any CPU = Debug|Any CPU
		Release|Any CPU = Release|Any CPU
	EndGlobalSection
	GlobalSection(ProjectConfigurationPlatforms) = postSolution
		{9DE30203-533E-488E-8B9C-DBE9D3757491}.Debug|Any CPU.ActiveCfg = Debug|Any CPU
		{9DE30203-533E-488E-8B9C-DBE9D3757491}.Debug|Any CPU.Build.0 = Debug|Any CPU
		{9DE30203-533E-488E-8B9C-DBE9D3757491}.Release|Any CPU.ActiveCfg = Release|Any CPU
		{9DE30203-533E-488E-8B9C-DBE9D3757491}.Release|Any CPU.Build.0 = Release|Any CPU
		{2C865EFC-DEE4-4C98-83A6-8ABC10DF4368}.Debug|Any CPU.ActiveCfg = Debug|Any CPU
		{2C865EFC-DEE4-4C98-83A6-8ABC10DF4368}.Debug|Any CPU.Build.0 = Debug|Any CPU
		{2C865EFC-DEE4-4C98-83A6-8ABC10DF4368}.Debug|Any CPU.Deploy.0 = Debug|Any CPU
		{2C865EFC-DEE4-4C98-83A6-8ABC10DF4368}.Release|Any CPU.ActiveCfg = Release|Any CPU
		{2C865EFC-DEE4-4C98-83A6-8ABC10DF4368}.Release|Any CPU.Build.0 = Release|Any CPU
		{2C865EFC-DEE4-4C98-83A6-8ABC10DF4368}.Release|Any CPU.Deploy.0 = Release|Any CPU
		{D0839F91-4283-4244-AC2F-168AA1D41B17}.Debug|Any CPU.ActiveCfg = Debug|Any CPU
		{D0839F91-4283-4244-AC2F-168AA1D41B17}.Debug|Any CPU.Build.0 = Debug|Any CPU
		{D0839F91-4283-4244-AC2F-168AA1D41B17}.Release|Any CPU.ActiveCfg = Release|Any CPU
		{D0839F91-4283-4244-AC2F-168AA1D41B17}.Release|Any CPU.Build.0 = Release|Any CPU
		{471A3A39-8B4D-4ED1-B35C-0B89C4BC2442}.Debug|Any CPU.ActiveCfg = Debug|Any CPU
		{471A3A39-8B4D-4ED1-B35C-0B89C4BC2442}.Debug|Any CPU.Build.0 = Debug|Any CPU
		{471A3A39-8B4D-4ED1-B35C-0B89C4BC2442}.Release|Any CPU.ActiveCfg = Release|Any CPU
		{471A3A39-8B4D-4ED1-B35C-0B89C4BC2442}.Release|Any CPU.Build.0 = Release|Any CPU
	EndGlobalSection
	GlobalSection(SolutionProperties) = preSolution
		HideSolutionNode = FALSE
	EndGlobalSection
	GlobalSection(ExtensibilityGlobals) = postSolution
		SolutionGuid = {B74A8D66-1A32-471D-BA3E-2AC8DEEFD6F3}
	EndGlobalSection
EndGlobal
